
Microsoft Visual Studio Solution File, Format Version 12.00
# Visual Studio Version 17
VisualStudioVersion = 17.4.33213.308
MinimumVisualStudioVersion = 10.0.40219.1
Project("{9A19103F-16F7-4668-BE54-9A1E7A4F7556}") = "CandidateBrowserCleanArch.Blazor.WASM", "CandidateBrowserCleanArch.Blazor.WASM\CandidateBrowserCleanArch.Blazor.WASM.csproj", "{2C1C7407-91A8-42B8-AA61-C1C141FF21FB}"
EndProject
Global
	GlobalSection(SolutionConfigurationPlatforms) = preSolution
		Debug|Any CPU = Debug|Any CPU
		Release|Any CPU = Release|Any CPU
	EndGlobalSection
	GlobalSection(ProjectConfigurationPlatforms) = postSolution
		{2C1C7407-91A8-42B8-AA61-C1C141FF21FB}.Debug|Any CPU.ActiveCfg = Debug|Any CPU
		{2C1C7407-91A8-42B8-AA61-C1C141FF21FB}.Debug|Any CPU.Build.0 = Debug|Any CPU
		{2C1C7407-91A8-42B8-AA61-C1C141FF21FB}.Release|Any CPU.ActiveCfg = Release|Any CPU
		{2C1C7407-91A8-42B8-AA61-C1C141FF21FB}.Release|Any CPU.Build.0 = Release|Any CPU
	EndGlobalSection
	GlobalSection(SolutionProperties) = preSolution
		HideSolutionNode = FALSE
	EndGlobalSection
	GlobalSection(ExtensibilityGlobals) = postSolution
		SolutionGuid = {57491310-A988-417B-B73D-EBC218B2A422}
	EndGlobalSection
EndGlobal
